// !$*UTF8*$!
{
	archiveVersion = 1;
	classes = {
	};
	objectVersion = 50;
	objects = {

/* Begin PBXBuildFile section */
		20B4A4E6249BAD6800B1F651 /* AppDelegate.swift in Sources */ = {isa = PBXBuildFile; fileRef = 20B4A4E5249BAD6800B1F651 /* AppDelegate.swift */; };
		20B4A4E8249BAD6800B1F651 /* SceneDelegate.swift in Sources */ = {isa = PBXBuildFile; fileRef = 20B4A4E7249BAD6800B1F651 /* SceneDelegate.swift */; };
		20B4A4EA249BAD6800B1F651 /* MainViewController.swift in Sources */ = {isa = PBXBuildFile; fileRef = 20B4A4E9249BAD6800B1F651 /* MainViewController.swift */; };
		20B4A4EF249BAD6900B1F651 /* Assets.xcassets in Resources */ = {isa = PBXBuildFile; fileRef = 20B4A4EE249BAD6900B1F651 /* Assets.xcassets */; };
		20B4A4F2249BAD6900B1F651 /* LaunchScreen.storyboard in Resources */ = {isa = PBXBuildFile; fileRef = 20B4A4F0249BAD6900B1F651 /* LaunchScreen.storyboard */; };
		20B4A4FA249BAEDE00B1F651 /* MainTableViewCell.swift in Sources */ = {isa = PBXBuildFile; fileRef = 20B4A4F9249BAEDE00B1F651 /* MainTableViewCell.swift */; };
/* End PBXBuildFile section */

/* Begin PBXFileReference section */
		20B4A4E2249BAD6800B1F651 /* maskStores.app */ = {isa = PBXFileReference; explicitFileType = wrapper.application; includeInIndex = 0; path = maskStores.app; sourceTree = BUILT_PRODUCTS_DIR; };
		20B4A4E5249BAD6800B1F651 /* AppDelegate.swift */ = {isa = PBXFileReference; lastKnownFileType = sourcecode.swift; path = AppDelegate.swift; sourceTree = "<group>"; };
		20B4A4E7249BAD6800B1F651 /* SceneDelegate.swift */ = {isa = PBXFileReference; lastKnownFileType = sourcecode.swift; path = SceneDelegate.swift; sourceTree = "<group>"; };
		20B4A4E9249BAD6800B1F651 /* MainViewController.swift */ = {isa = PBXFileReference; lastKnownFileType = sourcecode.swift; path = MainViewController.swift; sourceTree = "<group>"; };
		20B4A4EE249BAD6900B1F651 /* Assets.xcassets */ = {isa = PBXFileReference; lastKnownFileType = folder.assetcatalog; path = Assets.xcassets; sourceTree = "<group>"; };
		20B4A4F1249BAD6900B1F651 /* Base */ = {isa = PBXFileReference; lastKnownFileType = file.storyboard; name = Base; path = Base.lproj/LaunchScreen.storyboard; sourceTree = "<group>"; };
		20B4A4F3249BAD6900B1F651 /* Info.plist */ = {isa = PBXFileReference; lastKnownFileType = text.plist.xml; path = Info.plist; sourceTree = "<group>"; };
		20B4A4F9249BAEDE00B1F651 /* MainTableViewCell.swift */ = {isa = PBXFileReference; lastKnownFileType = sourcecode.swift; path = MainTableViewCell.swift; sourceTree = "<group>"; };
/* End PBXFileReference section */

/* Begin PBXFrameworksBuildPhase section */
		20B4A4DF249BAD6800B1F651 /* Frameworks */ = {
			isa = PBXFrameworksBuildPhase;
			buildActionMask = 2147483647;
			files = (
			);
			runOnlyForDeploymentPostprocessing = 0;
		};
/* End PBXFrameworksBuildPhase section */

/* Begin PBXGroup section */
		20B4A4D9249BAD6800B1F651 = {
			isa = PBXGroup;
			children = (
				20B4A4E4249BAD6800B1F651 /* maskStores */,
				20B4A4E3249BAD6800B1F651 /* Products */,
			);
			sourceTree = "<group>";
		};
		20B4A4E3249BAD6800B1F651 /* Products */ = {
			isa = PBXGroup;
			children = (
				20B4A4E2249BAD6800B1F651 /* maskStores.app */,
			);
			name = Products;
			sourceTree = "<group>";
		};
		20B4A4E4249BAD6800B1F651 /* maskStores */ = {
			isa = PBXGroup;
			children = (
				20B4A4E5249BAD6800B1F651 /* AppDelegate.swift */,
				20B4A4E7249BAD6800B1F651 /* SceneDelegate.swift */,
				20B4A4E9249BAD6800B1F651 /* MainViewController.swift */,
				20B4A4F9249BAEDE00B1F651 /* MainTableViewCell.swift */,
				20B4A4EE249BAD6900B1F651 /* Assets.xcassets */,
				20B4A4F0249BAD6900B1F651 /* LaunchScreen.storyboard */,
				20B4A4F3249BAD6900B1F651 /* Info.plist */,
			);
			path = maskStores;
			sourceTree = "<group>";
		};
/* End PBXGroup section */

/* Begin PBXNativeTarget section */
		20B4A4E1249BAD6800B1F651 /* maskStores */ = {
			isa = PBXNativeTarget;
			buildConfigurationList = 20B4A4F6249BAD6900B1F651 /* Build configuration list for PBXNativeTarget "maskStores" */;
			buildPhases = (
				20B4A4DE249BAD6800B1F651 /* Sources */,
				20B4A4DF249BAD6800B1F651 /* Frameworks */,
				20B4A4E0249BAD6800B1F651 /* Resources */,
			);
			buildRules = (
			);
			dependencies = (
			);
			name = maskStores;
			productName = maskStores;
			productReference = 20B4A4E2249BAD6800B1F651 /* maskStores.app */;
			productType = "com.apple.product-type.application";
		};
/* End PBXNativeTarget section */

/* Begin PBXProject section */
		20B4A4DA249BAD6800B1F651 /* Project object */ = {
			isa = PBXProject;
			attributes = {
				LastSwiftUpdateCheck = 1150;
				LastUpgradeCheck = 1150;
				ORGANIZATIONNAME = VincentGeranium;
				TargetAttributes = {
					20B4A4E1249BAD6800B1F651 = {
						CreatedOnToolsVersion = 11.5;
					};
				};
			};
			buildConfigurationList = 20B4A4DD249BAD6800B1F651 /* Build configuration list for PBXProject "maskStores" */;
			compatibilityVersion = "Xcode 9.3";
			developmentRegion = en;
			hasScannedForEncodings = 0;
			knownRegions = (
				en,
				Base,
			);
			mainGroup = 20B4A4D9249BAD6800B1F651;
			productRefGroup = 20B4A4E3249BAD6800B1F651 /* Products */;
			projectDirPath = "";
			projectRoot = "";
			targets = (
				20B4A4E1249BAD6800B1F651 /* maskStores */,
			);
		};
/* End PBXProject section */

/* Begin PBXResourcesBuildPhase section */
		20B4A4E0249BAD6800B1F651 /* Resources */ = {
			isa = PBXResourcesBuildPhase;
			buildActionMask = 2147483647;
			files = (
				20B4A4F2249BAD6900B1F651 /* LaunchScreen.storyboard in Resources */,
				20B4A4EF249BAD6900B1F651 /* Assets.xcassets in Resources */,
			);
			runOnlyForDeploymentPostprocessing = 0;
		};
/* End PBXResourcesBuildPhase section */

/* Begin PBXSourcesBuildPhase section */
		20B4A4DE249BAD6800B1F651 /* Sources */ = {
			isa = PBXSourcesBuildPhase;
			buildActionMask = 2147483647;
			files = (
				20B4A4EA249BAD6800B1F651 /* MainViewController.swift in Sources */,
				20B4A4E6249BAD6800B1F651 /* AppDelegate.swift in Sources */,
				20B4A4FA249BAEDE00B1F651 /* MainTableViewCell.swift in Sources */,
				20B4A4E8249BAD6800B1F651 /* SceneDelegate.swift in Sources */,
			);
			runOnlyForDeploymentPostprocessing = 0;
		};
/* End PBXSourcesBuildPhase section */

/* Begin PBXVariantGroup section */
		20B4A4F0249BAD6900B1F651 /* LaunchScreen.storyboard */ = {
			isa = PBXVariantGroup;
			children = (
				20B4A4F1249BAD6900B1F651 /* Base */,
			);
			name = LaunchScreen.storyboard;
			sourceTree = "<group>";
		};
/* End PBXVariantGroup section */

/* Begin XCBuildConfiguration section */
		20B4A4F4249BAD6900B1F651 /* Debug */ = {
			isa = XCBuildConfiguration;
			buildSettings = {
				ALWAYS_SEARCH_USER_PATHS = NO;
				CLANG_ANALYZER_NONNULL = YES;
				CLANG_ANALYZER_NUMBER_OBJECT_CONVERSION = YES_AGGRESSIVE;
				CLANG_CXX_LANGUAGE_STANDARD = "gnu++14";
				CLANG_CXX_LIBRARY = "libc++";
				CLANG_ENABLE_MODULES = YES;
				CLANG_ENABLE_OBJC_ARC = YES;
				CLANG_ENABLE_OBJC_WEAK = YES;
				CLANG_WARN_BLOCK_CAPTURE_AUTORELEASING = YES;
				CLANG_WARN_BOOL_CONVERSION = YES;
				CLANG_WARN_COMMA = YES;
				CLANG_WARN_CONSTANT_CONVERSION = YES;
				CLANG_WARN_DEPRECATED_OBJC_IMPLEMENTATIONS = YES;
				CLANG_WARN_DIRECT_OBJC_ISA_USAGE = YES_ERROR;
				CLANG_WARN_DOCUMENTATION_COMMENTS = YES;
				CLANG_WARN_EMPTY_BODY = YES;
				CLANG_WARN_ENUM_CONVERSION = YES;
				CLANG_WARN_INFINITE_RECURSION = YES;
				CLANG_WARN_INT_CONVERSION = YES;
				CLANG_WARN_NON_LITERAL_NULL_CONVERSION = YES;
				CLANG_WARN_OBJC_IMPLICIT_RETAIN_SELF = YES;
				CLANG_WARN_OBJC_LITERAL_CONVERSION = YES;
				CLANG_WARN_OBJC_ROOT_CLASS = YES_ERROR;
				CLANG_WARN_RANGE_LOOP_ANALYSIS = YES;
				CLANG_WARN_STRICT_PROTOTYPES = YES;
				CLANG_WARN_SUSPICIOUS_MOVE = YES;
				CLANG_WARN_UNGUARDED_AVAILABILITY = YES_AGGRESSIVE;
				CLANG_WARN_UNREACHABLE_CODE = YES;
				CLANG_WARN__DUPLICATE_METHOD_MATCH = YES;
				COPY_PHASE_STRIP = NO;
				DEBUG_INFORMATION_FORMAT = dwarf;
				ENABLE_STRICT_OBJC_MSGSEND = YES;
				ENABLE_TESTABILITY = YES;
				GCC_C_LANGUAGE_STANDARD = gnu11;
				GCC_DYNAMIC_NO_PIC = NO;
				GCC_NO_COMMON_BLOCKS = YES;
				GCC_OPTIMIZATION_LEVEL = 0;
				GCC_PREPROCESSOR_DEFINITIONS = (
					"DEBUG=1",
					"$(inherited)",
				);
				GCC_WARN_64_TO_32_BIT_CONVERSION = YES;
				GCC_WARN_ABOUT_RETURN_TYPE = YES_ERROR;
				GCC_WARN_UNDECLARED_SELECTOR = YES;
				GCC_WARN_UNINITIALIZED_AUTOS = YES_AGGRESSIVE;
				GCC_WARN_UNUSED_FUNCTION = YES;
				GCC_WARN_UNUSED_VARIABLE = YES;
				IPHONEOS_DEPLOYMENT_TARGET = 13.5;
				MTL_ENABLE_DEBUG_INFO = INCLUDE_SOURCE;
				MTL_FAST_MATH = YES;
				ONLY_ACTIVE_ARCH = YES;
				SDKROOT = iphoneos;
				SWIFT_ACTIVE_COMPILATION_CONDITIONS = DEBUG;
				SWIFT_OPTIMIZATION_LEVEL = "-Onone";
			};
			name = Debug;
		};
		20B4A4F5249BAD6900B1F651 /* Release */ = {
			isa = XCBuildConfiguration;
			buildSettings = {
				ALWAYS_SEARCH_USER_PATHS = NO;
				CLANG_ANALYZER_NONNULL = YES;
				CLANG_ANALYZER_NUMBER_OBJECT_CONVERSION = YES_AGGRESSIVE;
				CLANG_CXX_LANGUAGE_STANDARD = "gnu++14";
				CLANG_CXX_LIBRARY = "libc++";
				CLANG_ENABLE_MODULES = YES;
				CLANG_ENABLE_OBJC_ARC = YES;
				CLANG_ENABLE_OBJC_WEAK = YES;
				CLANG_WARN_BLOCK_CAPTURE_AUTORELEASING = YES;
				CLANG_WARN_BOOL_CONVERSION = YES;
				CLANG_WARN_COMMA = YES;
				CLANG_WARN_CONSTANT_CONVERSION = YES;
				CLANG_WARN_DEPRECATED_OBJC_IMPLEMENTATIONS = YES;
				CLANG_WARN_DIRECT_OBJC_ISA_USAGE = YES_ERROR;
				CLANG_WARN_DOCUMENTATION_COMMENTS = YES;
				CLANG_WARN_EMPTY_BODY = YES;
				CLANG_WARN_ENUM_CONVERSION = YES;
				CLANG_WARN_INFINITE_RECURSION = YES;
				CLANG_WARN_INT_CONVERSION = YES;
				CLANG_WARN_NON_LITERAL_NULL_CONVERSION = YES;
				CLANG_WARN_OBJC_IMPLICIT_RETAIN_SELF = YES;
				CLANG_WARN_OBJC_LITERAL_CONVERSION = YES;
				CLANG_WARN_OBJC_ROOT_CLASS = YES_ERROR;
				CLANG_WARN_RANGE_LOOP_ANALYSIS = YES;
				CLANG_WARN_STRICT_PROTOTYPES = YES;
				CLANG_WARN_SUSPICIOUS_MOVE = YES;
				CLANG_WARN_UNGUARDED_AVAILABILITY = YES_AGGRESSIVE;
				CLANG_WARN_UNREACHABLE_CODE = YES;
				CLANG_WARN__DUPLICATE_METHOD_MATCH = YES;
				COPY_PHASE_STRIP = NO;
				DEBUG_INFORMATION_FORMAT = "dwarf-with-dsym";
				ENABLE_NS_ASSERTIONS = NO;
				ENABLE_STRICT_OBJC_MSGSEND = YES;
				GCC_C_LANGUAGE_STANDARD = gnu11;
				GCC_NO_COMMON_BLOCKS = YES;
				GCC_WARN_64_TO_32_BIT_CONVERSION = YES;
				GCC_WARN_ABOUT_RETURN_TYPE = YES_ERROR;
				GCC_WARN_UNDECLARED_SELECTOR = YES;
				GCC_WARN_UNINITIALIZED_AUTOS = YES_AGGRESSIVE;
				GCC_WARN_UNUSED_FUNCTION = YES;
				GCC_WARN_UNUSED_VARIABLE = YES;
				IPHONEOS_DEPLOYMENT_TARGET = 13.5;
				MTL_ENABLE_DEBUG_INFO = NO;
				MTL_FAST_MATH = YES;
				SDKROOT = iphoneos;
				SWIFT_COMPILATION_MODE = wholemodule;
				SWIFT_OPTIMIZATION_LEVEL = "-O";
				VALIDATE_PRODUCT = YES;
			};
			name = Release;
		};
		20B4A4F7249BAD6900B1F651 /* Debug */ = {
			isa = XCBuildConfiguration;
			buildSettings = {
				ASSETCATALOG_COMPILER_APPICON_NAME = AppIcon;
				CODE_SIGN_STYLE = Automatic;
				DEVELOPMENT_TEAM = 64WAG22Y2J;
				INFOPLIST_FILE = maskStores/Info.plist;
				LD_RUNPATH_SEARCH_PATHS = (
					"$(inherited)",
					"@executable_path/Frameworks",
				);
				PRODUCT_BUNDLE_IDENTIFIER = com.VincentGeranium.maskStores;
				PRODUCT_NAME = "$(TARGET_NAME)";
				SWIFT_VERSION = 5.0;
				TARGETED_DEVICE_FAMILY = "1,2";
			};
			name = Debug;
		};
		20B4A4F8249BAD6900B1F651 /* Release */ = {
			isa = XCBuildConfiguration;
			buildSettings = {
				ASSETCATALOG_COMPILER_APPICON_NAME = AppIcon;
				CODE_SIGN_STYLE = Automatic;
				DEVELOPMENT_TEAM = 64WAG22Y2J;
				INFOPLIST_FILE = maskStores/Info.plist;
				LD_RUNPATH_SEARCH_PATHS = (
					"$(inherited)",
					"@executable_path/Frameworks",
				);
				PRODUCT_BUNDLE_IDENTIFIER = com.VincentGeranium.maskStores;
				PRODUCT_NAME = "$(TARGET_NAME)";
				SWIFT_VERSION = 5.0;
				TARGETED_DEVICE_FAMILY = "1,2";
			};
			name = Release;
		};
/* End XCBuildConfiguration section */

/* Begin XCConfigurationList section */
		20B4A4DD249BAD6800B1F651 /* Build configuration list for PBXProject "maskStores" */ = {
			isa = XCConfigurationList;
			buildConfigurations = (
				20B4A4F4249BAD6900B1F651 /* Debug */,
				20B4A4F5249BAD6900B1F651 /* Release */,
			);
			defaultConfigurationIsVisible = 0;
			defaultConfigurationName = Release;
		};
		20B4A4F6249BAD6900B1F651 /* Build configuration list for PBXNativeTarget "maskStores" */ = {
			isa = XCConfigurationList;
			buildConfigurations = (
				20B4A4F7249BAD6900B1F651 /* Debug */,
				20B4A4F8249BAD6900B1F651 /* Release */,
			);
			defaultConfigurationIsVisible = 0;
			defaultConfigurationName = Release;
		};
/* End XCConfigurationList section */
	};
	rootObject = 20B4A4DA249BAD6800B1F651 /* Project object */;
}
